// !$*UTF8*$!
{
	archiveVersion = 1;
	classes = {
	};
	objectVersion = 77;
	objects = {

/* Begin PBXBuildFile section */
		C31EFC802D2BCEC30064F22A /* PlantModel+CoreDataProperties.swift in Sources */ = {isa = PBXBuildFile; fileRef = C31EFC7D2D2BCEC30064F22A /* PlantModel+CoreDataProperties.swift */; };
		C31EFC812D2BCEC30064F22A /* ParameterModel+CoreDataClass.swift in Sources */ = {isa = PBXBuildFile; fileRef = C31EFC7A2D2BCEC30064F22A /* ParameterModel+CoreDataClass.swift */; };
		C31EFC822D2BCEC30064F22A /* EquipmentTypeModel+CoreDataClass.swift in Sources */ = {isa = PBXBuildFile; fileRef = C31EFC782D2BCEC30064F22A /* EquipmentTypeModel+CoreDataClass.swift */; };
		C31EFC832D2BCEC30064F22A /* EquipmentGroupModel+CoreDataClass.swift in Sources */ = {isa = PBXBuildFile; fileRef = C31EFC762D2BCEC30064F22A /* EquipmentGroupModel+CoreDataClass.swift */; };
		C31EFC842D2BCEC30064F22A /* EquipmentGroupModel+CoreDataProperties.swift in Sources */ = {isa = PBXBuildFile; fileRef = C31EFC772D2BCEC30064F22A /* EquipmentGroupModel+CoreDataProperties.swift */; };
		C31EFC852D2BCEC30064F22A /* EquipmentTypeModel+CoreDataProperties.swift in Sources */ = {isa = PBXBuildFile; fileRef = C31EFC792D2BCEC30064F22A /* EquipmentTypeModel+CoreDataProperties.swift */; };
		C31EFC862D2BCEC30064F22A /* AreaModel+CoreDataClass.swift in Sources */ = {isa = PBXBuildFile; fileRef = C31EFC742D2BCEC30064F22A /* AreaModel+CoreDataClass.swift */; };
		C31EFC872D2BCEC30064F22A /* ParameterModel+CoreDataProperties.swift in Sources */ = {isa = PBXBuildFile; fileRef = C31EFC7B2D2BCEC30064F22A /* ParameterModel+CoreDataProperties.swift */; };
		C31EFC882D2BCEC30064F22A /* PlantModel+CoreDataClass.swift in Sources */ = {isa = PBXBuildFile; fileRef = C31EFC7C2D2BCEC30064F22A /* PlantModel+CoreDataClass.swift */; };
		C31EFC892D2BCEC30064F22A /* AreaModel+CoreDataProperties.swift in Sources */ = {isa = PBXBuildFile; fileRef = C31EFC752D2BCEC30064F22A /* AreaModel+CoreDataProperties.swift */; };
		C31EFC8A2D2BCEC30064F22A /* TagnoModel+CoreDataClass.swift in Sources */ = {isa = PBXBuildFile; fileRef = C31EFC7E2D2BCEC30064F22A /* TagnoModel+CoreDataClass.swift */; };
		C31EFC8B2D2BCEC30064F22A /* TagnoModel+CoreDataProperties.swift in Sources */ = {isa = PBXBuildFile; fileRef = C31EFC7F2D2BCEC30064F22A /* TagnoModel+CoreDataProperties.swift */; };
/* End PBXBuildFile section */

/* Begin PBXFileReference section */
		C31EFC742D2BCEC30064F22A /* AreaModel+CoreDataClass.swift */ = {isa = PBXFileReference; lastKnownFileType = sourcecode.swift; path = "AreaModel+CoreDataClass.swift"; sourceTree = "<group>"; };
		C31EFC752D2BCEC30064F22A /* AreaModel+CoreDataProperties.swift */ = {isa = PBXFileReference; lastKnownFileType = sourcecode.swift; path = "AreaModel+CoreDataProperties.swift"; sourceTree = "<group>"; };
		C31EFC762D2BCEC30064F22A /* EquipmentGroupModel+CoreDataClass.swift */ = {isa = PBXFileReference; lastKnownFileType = sourcecode.swift; path = "EquipmentGroupModel+CoreDataClass.swift"; sourceTree = "<group>"; };
		C31EFC772D2BCEC30064F22A /* EquipmentGroupModel+CoreDataProperties.swift */ = {isa = PBXFileReference; lastKnownFileType = sourcecode.swift; path = "EquipmentGroupModel+CoreDataProperties.swift"; sourceTree = "<group>"; };
		C31EFC782D2BCEC30064F22A /* EquipmentTypeModel+CoreDataClass.swift */ = {isa = PBXFileReference; lastKnownFileType = sourcecode.swift; path = "EquipmentTypeModel+CoreDataClass.swift"; sourceTree = "<group>"; };
		C31EFC792D2BCEC30064F22A /* EquipmentTypeModel+CoreDataProperties.swift */ = {isa = PBXFileReference; lastKnownFileType = sourcecode.swift; path = "EquipmentTypeModel+CoreDataProperties.swift"; sourceTree = "<group>"; };
		C31EFC7A2D2BCEC30064F22A /* ParameterModel+CoreDataClass.swift */ = {isa = PBXFileReference; lastKnownFileType = sourcecode.swift; path = "ParameterModel+CoreDataClass.swift"; sourceTree = "<group>"; };
		C31EFC7B2D2BCEC30064F22A /* ParameterModel+CoreDataProperties.swift */ = {isa = PBXFileReference; lastKnownFileType = sourcecode.swift; path = "ParameterModel+CoreDataProperties.swift"; sourceTree = "<group>"; };
		C31EFC7C2D2BCEC30064F22A /* PlantModel+CoreDataClass.swift */ = {isa = PBXFileReference; lastKnownFileType = sourcecode.swift; path = "PlantModel+CoreDataClass.swift"; sourceTree = "<group>"; };
		C31EFC7D2D2BCEC30064F22A /* PlantModel+CoreDataProperties.swift */ = {isa = PBXFileReference; lastKnownFileType = sourcecode.swift; path = "PlantModel+CoreDataProperties.swift"; sourceTree = "<group>"; };
		C31EFC7E2D2BCEC30064F22A /* TagnoModel+CoreDataClass.swift */ = {isa = PBXFileReference; lastKnownFileType = sourcecode.swift; path = "TagnoModel+CoreDataClass.swift"; sourceTree = "<group>"; };
		C31EFC7F2D2BCEC30064F22A /* TagnoModel+CoreDataProperties.swift */ = {isa = PBXFileReference; lastKnownFileType = sourcecode.swift; path = "TagnoModel+CoreDataProperties.swift"; sourceTree = "<group>"; };
		C360DDD62D2177BF00E9D6AA /* HexaPatrol.app */ = {isa = PBXFileReference; explicitFileType = wrapper.application; includeInIndex = 0; path = HexaPatrol.app; sourceTree = BUILT_PRODUCTS_DIR; };
/* End PBXFileReference section */

/* Begin PBXFileSystemSynchronizedRootGroup section */
		C360DDD82D2177BF00E9D6AA /* HexaPatrol */ = {
			isa = PBXFileSystemSynchronizedRootGroup;
			path = HexaPatrol;
			sourceTree = "<group>";
		};
/* End PBXFileSystemSynchronizedRootGroup section */

/* Begin PBXFrameworksBuildPhase section */
		C360DDD32D2177BF00E9D6AA /* Frameworks */ = {
			isa = PBXFrameworksBuildPhase;
			buildActionMask = 2147483647;
			files = (
			);
			runOnlyForDeploymentPostprocessing = 0;
		};
/* End PBXFrameworksBuildPhase section */

/* Begin PBXGroup section */
		C360DDCD2D2177BF00E9D6AA = {
			isa = PBXGroup;
			children = (
				C31EFC742D2BCEC30064F22A /* AreaModel+CoreDataClass.swift */,
				C31EFC752D2BCEC30064F22A /* AreaModel+CoreDataProperties.swift */,
				C31EFC762D2BCEC30064F22A /* EquipmentGroupModel+CoreDataClass.swift */,
				C31EFC772D2BCEC30064F22A /* EquipmentGroupModel+CoreDataProperties.swift */,
				C31EFC782D2BCEC30064F22A /* EquipmentTypeModel+CoreDataClass.swift */,
				C31EFC792D2BCEC30064F22A /* EquipmentTypeModel+CoreDataProperties.swift */,
				C31EFC7A2D2BCEC30064F22A /* ParameterModel+CoreDataClass.swift */,
				C31EFC7B2D2BCEC30064F22A /* ParameterModel+CoreDataProperties.swift */,
				C31EFC7C2D2BCEC30064F22A /* PlantModel+CoreDataClass.swift */,
				C31EFC7D2D2BCEC30064F22A /* PlantModel+CoreDataProperties.swift */,
				C31EFC7E2D2BCEC30064F22A /* TagnoModel+CoreDataClass.swift */,
				C31EFC7F2D2BCEC30064F22A /* TagnoModel+CoreDataProperties.swift */,
				C360DDD82D2177BF00E9D6AA /* HexaPatrol */,
				C360DDD72D2177BF00E9D6AA /* Products */,
			);
			sourceTree = "<group>";
		};
		C360DDD72D2177BF00E9D6AA /* Products */ = {
			isa = PBXGroup;
			children = (
				C360DDD62D2177BF00E9D6AA /* HexaPatrol.app */,
			);
			name = Products;
			sourceTree = "<group>";
		};
/* End PBXGroup section */

/* Begin PBXNativeTarget section */
		C360DDD52D2177BF00E9D6AA /* HexaPatrol */ = {
			isa = PBXNativeTarget;
			buildConfigurationList = C360DDE42D2177C100E9D6AA /* Build configuration list for PBXNativeTarget "HexaPatrol" */;
			buildPhases = (
				C360DDD22D2177BF00E9D6AA /* Sources */,
				C360DDD32D2177BF00E9D6AA /* Frameworks */,
				C360DDD42D2177BF00E9D6AA /* Resources */,
			);
			buildRules = (
			);
			dependencies = (
			);
			fileSystemSynchronizedGroups = (
				C360DDD82D2177BF00E9D6AA /* HexaPatrol */,
			);
			name = HexaPatrol;
			packageProductDependencies = (
			);
			productName = HexaPatrol;
			productReference = C360DDD62D2177BF00E9D6AA /* HexaPatrol.app */;
			productType = "com.apple.product-type.application";
		};
/* End PBXNativeTarget section */

/* Begin PBXProject section */
		C360DDCE2D2177BF00E9D6AA /* Project object */ = {
			isa = PBXProject;
			attributes = {
				BuildIndependentTargetsInParallel = 1;
				LastSwiftUpdateCheck = 1620;
				LastUpgradeCheck = 1620;
				TargetAttributes = {
					C360DDD52D2177BF00E9D6AA = {
						CreatedOnToolsVersion = 16.2;
					};
				};
			};
			buildConfigurationList = C360DDD12D2177BF00E9D6AA /* Build configuration list for PBXProject "HexaPatrol" */;
			developmentRegion = en;
			hasScannedForEncodings = 0;
			knownRegions = (
				en,
				Base,
			);
			mainGroup = C360DDCD2D2177BF00E9D6AA;
			minimizedProjectReferenceProxies = 1;
			preferredProjectObjectVersion = 77;
			productRefGroup = C360DDD72D2177BF00E9D6AA /* Products */;
			projectDirPath = "";
			projectRoot = "";
			targets = (
				C360DDD52D2177BF00E9D6AA /* HexaPatrol */,
			);
		};
/* End PBXProject section */

/* Begin PBXResourcesBuildPhase section */
		C360DDD42D2177BF00E9D6AA /* Resources */ = {
			isa = PBXResourcesBuildPhase;
			buildActionMask = 2147483647;
			files = (
			);
			runOnlyForDeploymentPostprocessing = 0;
		};
/* End PBXResourcesBuildPhase section */

/* Begin PBXSourcesBuildPhase section */
		C360DDD22D2177BF00E9D6AA /* Sources */ = {
			isa = PBXSourcesBuildPhase;
			buildActionMask = 2147483647;
			files = (
				C31EFC802D2BCEC30064F22A /* PlantModel+CoreDataProperties.swift in Sources */,
				C31EFC812D2BCEC30064F22A /* ParameterModel+CoreDataClass.swift in Sources */,
				C31EFC822D2BCEC30064F22A /* EquipmentTypeModel+CoreDataClass.swift in Sources */,
				C31EFC832D2BCEC30064F22A /* EquipmentGroupModel+CoreDataClass.swift in Sources */,
				C31EFC842D2BCEC30064F22A /* EquipmentGroupModel+CoreDataProperties.swift in Sources */,
				C31EFC852D2BCEC30064F22A /* EquipmentTypeModel+CoreDataProperties.swift in Sources */,
				C31EFC862D2BCEC30064F22A /* AreaModel+CoreDataClass.swift in Sources */,
				C31EFC872D2BCEC30064F22A /* ParameterModel+CoreDataProperties.swift in Sources */,
				C31EFC882D2BCEC30064F22A /* PlantModel+CoreDataClass.swift in Sources */,
				C31EFC892D2BCEC30064F22A /* AreaModel+CoreDataProperties.swift in Sources */,
				C31EFC8A2D2BCEC30064F22A /* TagnoModel+CoreDataClass.swift in Sources */,
				C31EFC8B2D2BCEC30064F22A /* TagnoModel+CoreDataProperties.swift in Sources */,
			);
			runOnlyForDeploymentPostprocessing = 0;
		};
/* End PBXSourcesBuildPhase section */

/* Begin XCBuildConfiguration section */
		C360DDE22D2177C100E9D6AA /* Debug */ = {
			isa = XCBuildConfiguration;
			buildSettings = {
				ALWAYS_SEARCH_USER_PATHS = NO;
				ASSETCATALOG_COMPILER_GENERATE_SWIFT_ASSET_SYMBOL_EXTENSIONS = YES;
				CLANG_ANALYZER_NONNULL = YES;
				CLANG_ANALYZER_NUMBER_OBJECT_CONVERSION = YES_AGGRESSIVE;
				CLANG_CXX_LANGUAGE_STANDARD = "gnu++20";
				CLANG_ENABLE_MODULES = YES;
				CLANG_ENABLE_OBJC_ARC = YES;
				CLANG_ENABLE_OBJC_WEAK = YES;
				CLANG_WARN_BLOCK_CAPTURE_AUTORELEASING = YES;
				CLANG_WARN_BOOL_CONVERSION = YES;
				CLANG_WARN_COMMA = YES;
				CLANG_WARN_CONSTANT_CONVERSION = YES;
				CLANG_WARN_DEPRECATED_OBJC_IMPLEMENTATIONS = YES;
				CLANG_WARN_DIRECT_OBJC_ISA_USAGE = YES_ERROR;
				CLANG_WARN_DOCUMENTATION_COMMENTS = YES;
				CLANG_WARN_EMPTY_BODY = YES;
				CLANG_WARN_ENUM_CONVERSION = YES;
				CLANG_WARN_INFINITE_RECURSION = YES;
				CLANG_WARN_INT_CONVERSION = YES;
				CLANG_WARN_NON_LITERAL_NULL_CONVERSION = YES;
				CLANG_WARN_OBJC_IMPLICIT_RETAIN_SELF = YES;
				CLANG_WARN_OBJC_LITERAL_CONVERSION = YES;
				CLANG_WARN_OBJC_ROOT_CLASS = YES_ERROR;
				CLANG_WARN_QUOTED_INCLUDE_IN_FRAMEWORK_HEADER = YES;
				CLANG_WARN_RANGE_LOOP_ANALYSIS = YES;
				CLANG_WARN_STRICT_PROTOTYPES = YES;
				CLANG_WARN_SUSPICIOUS_MOVE = YES;
				CLANG_WARN_UNGUARDED_AVAILABILITY = YES_AGGRESSIVE;
				CLANG_WARN_UNREACHABLE_CODE = YES;
				CLANG_WARN__DUPLICATE_METHOD_MATCH = YES;
				COPY_PHASE_STRIP = NO;
				DEBUG_INFORMATION_FORMAT = dwarf;
				ENABLE_STRICT_OBJC_MSGSEND = YES;
				ENABLE_TESTABILITY = YES;
				ENABLE_USER_SCRIPT_SANDBOXING = YES;
				GCC_C_LANGUAGE_STANDARD = gnu17;
				GCC_DYNAMIC_NO_PIC = NO;
				GCC_NO_COMMON_BLOCKS = YES;
				GCC_OPTIMIZATION_LEVEL = 0;
				GCC_PREPROCESSOR_DEFINITIONS = (
					"DEBUG=1",
					"$(inherited)",
				);
				GCC_WARN_64_TO_32_BIT_CONVERSION = YES;
				GCC_WARN_ABOUT_RETURN_TYPE = YES_ERROR;
				GCC_WARN_UNDECLARED_SELECTOR = YES;
				GCC_WARN_UNINITIALIZED_AUTOS = YES_AGGRESSIVE;
				GCC_WARN_UNUSED_FUNCTION = YES;
				GCC_WARN_UNUSED_VARIABLE = YES;
				IPHONEOS_DEPLOYMENT_TARGET = 18.2;
				LOCALIZATION_PREFERS_STRING_CATALOGS = YES;
				MTL_ENABLE_DEBUG_INFO = INCLUDE_SOURCE;
				MTL_FAST_MATH = YES;
				ONLY_ACTIVE_ARCH = YES;
				SDKROOT = iphoneos;
				SWIFT_ACTIVE_COMPILATION_CONDITIONS = "DEBUG $(inherited)";
				SWIFT_OPTIMIZATION_LEVEL = "-Onone";
			};
			name = Debug;
		};
		C360DDE32D2177C100E9D6AA /* Release */ = {
			isa = XCBuildConfiguration;
			buildSettings = {
				ALWAYS_SEARCH_USER_PATHS = NO;
				ASSETCATALOG_COMPILER_GENERATE_SWIFT_ASSET_SYMBOL_EXTENSIONS = YES;
				CLANG_ANALYZER_NONNULL = YES;
				CLANG_ANALYZER_NUMBER_OBJECT_CONVERSION = YES_AGGRESSIVE;
				CLANG_CXX_LANGUAGE_STANDARD = "gnu++20";
				CLANG_ENABLE_MODULES = YES;
				CLANG_ENABLE_OBJC_ARC = YES;
				CLANG_ENABLE_OBJC_WEAK = YES;
				CLANG_WARN_BLOCK_CAPTURE_AUTORELEASING = YES;
				CLANG_WARN_BOOL_CONVERSION = YES;
				CLANG_WARN_COMMA = YES;
				CLANG_WARN_CONSTANT_CONVERSION = YES;
				CLANG_WARN_DEPRECATED_OBJC_IMPLEMENTATIONS = YES;
				CLANG_WARN_DIRECT_OBJC_ISA_USAGE = YES_ERROR;
				CLANG_WARN_DOCUMENTATION_COMMENTS = YES;
				CLANG_WARN_EMPTY_BODY = YES;
				CLANG_WARN_ENUM_CONVERSION = YES;
				CLANG_WARN_INFINITE_RECURSION = YES;
				CLANG_WARN_INT_CONVERSION = YES;
				CLANG_WARN_NON_LITERAL_NULL_CONVERSION = YES;
				CLANG_WARN_OBJC_IMPLICIT_RETAIN_SELF = YES;
				CLANG_WARN_OBJC_LITERAL_CONVERSION = YES;
				CLANG_WARN_OBJC_ROOT_CLASS = YES_ERROR;
				CLANG_WARN_QUOTED_INCLUDE_IN_FRAMEWORK_HEADER = YES;
				CLANG_WARN_RANGE_LOOP_ANALYSIS = YES;
				CLANG_WARN_STRICT_PROTOTYPES = YES;
				CLANG_WARN_SUSPICIOUS_MOVE = YES;
				CLANG_WARN_UNGUARDED_AVAILABILITY = YES_AGGRESSIVE;
				CLANG_WARN_UNREACHABLE_CODE = YES;
				CLANG_WARN__DUPLICATE_METHOD_MATCH = YES;
				COPY_PHASE_STRIP = NO;
				DEBUG_INFORMATION_FORMAT = "dwarf-with-dsym";
				ENABLE_NS_ASSERTIONS = NO;
				ENABLE_STRICT_OBJC_MSGSEND = YES;
				ENABLE_USER_SCRIPT_SANDBOXING = YES;
				GCC_C_LANGUAGE_STANDARD = gnu17;
				GCC_NO_COMMON_BLOCKS = YES;
				GCC_WARN_64_TO_32_BIT_CONVERSION = YES;
				GCC_WARN_ABOUT_RETURN_TYPE = YES_ERROR;
				GCC_WARN_UNDECLARED_SELECTOR = YES;
				GCC_WARN_UNINITIALIZED_AUTOS = YES_AGGRESSIVE;
				GCC_WARN_UNUSED_FUNCTION = YES;
				GCC_WARN_UNUSED_VARIABLE = YES;
				IPHONEOS_DEPLOYMENT_TARGET = 18.2;
				LOCALIZATION_PREFERS_STRING_CATALOGS = YES;
				MTL_ENABLE_DEBUG_INFO = NO;
				MTL_FAST_MATH = YES;
				SDKROOT = iphoneos;
				SWIFT_COMPILATION_MODE = wholemodule;
				VALIDATE_PRODUCT = YES;
			};
			name = Release;
		};
		C360DDE52D2177C100E9D6AA /* Debug */ = {
			isa = XCBuildConfiguration;
			buildSettings = {
				ASSETCATALOG_COMPILER_APPICON_NAME = AppIcon;
				ASSETCATALOG_COMPILER_GLOBAL_ACCENT_COLOR_NAME = AccentColor;
				CODE_SIGN_STYLE = Automatic;
				CURRENT_PROJECT_VERSION = 1;
				DEVELOPMENT_ASSET_PATHS = "\"HexaPatrol/Preview Content\"";
				DEVELOPMENT_TEAM = 964S4QZQ3D;
				ENABLE_PREVIEWS = YES;
				GENERATE_INFOPLIST_FILE = YES;
				INFOPLIST_KEY_NSCameraUsageDescription = "This app requires access to the camera to scan QR codes and capture images.";
				INFOPLIST_KEY_NSLocationWhenInUseUsageDescription = "We need your location to track patrol areas";
				INFOPLIST_KEY_UIApplicationSceneManifest_Generation = YES;
				INFOPLIST_KEY_UIApplicationSupportsIndirectInputEvents = YES;
				INFOPLIST_KEY_UILaunchScreen_Generation = YES;
				INFOPLIST_KEY_UISupportedInterfaceOrientations = UIInterfaceOrientationPortrait;
				INFOPLIST_KEY_UISupportedInterfaceOrientations_iPad = "UIInterfaceOrientationLandscapeLeft UIInterfaceOrientationLandscapeRight UIInterfaceOrientationPortrait UIInterfaceOrientationPortraitUpsideDown";
				LD_RUNPATH_SEARCH_PATHS = (
					"$(inherited)",
					"@executable_path/Frameworks",
				);
				MARKETING_VERSION = 1.0;
				PRODUCT_BUNDLE_IDENTIFIER = com.hexateria.HexaPatrol;
				PRODUCT_NAME = "$(TARGET_NAME)";
				SWIFT_EMIT_LOC_STRINGS = YES;
				SWIFT_VERSION = 5.0;
				TARGETED_DEVICE_FAMILY = "1,2";
			};
			name = Debug;
		};
		C360DDE62D2177C100E9D6AA /* Release */ = {
			isa = XCBuildConfiguration;
			buildSettings = {
				ASSETCATALOG_COMPILER_APPICON_NAME = AppIcon;
				ASSETCATALOG_COMPILER_GLOBAL_ACCENT_COLOR_NAME = AccentColor;
				CODE_SIGN_STYLE = Automatic;
				CURRENT_PROJECT_VERSION = 1;
				DEVELOPMENT_ASSET_PATHS = "\"HexaPatrol/Preview Content\"";
				DEVELOPMENT_TEAM = 964S4QZQ3D;
				ENABLE_PREVIEWS = YES;
				GENERATE_INFOPLIST_FILE = YES;
				INFOPLIST_KEY_NSCameraUsageDescription = "This app requires access to the camera to scan QR codes and capture images.";
				INFOPLIST_KEY_NSLocationWhenInUseUsageDescription = "We need your location to track patrol areas";
				INFOPLIST_KEY_UIApplicationSceneManifest_Generation = YES;
				INFOPLIST_KEY_UIApplicationSupportsIndirectInputEvents = YES;
				INFOPLIST_KEY_UILaunchScreen_Generation = YES;
				INFOPLIST_KEY_UISupportedInterfaceOrientations = UIInterfaceOrientationPortrait;
				INFOPLIST_KEY_UISupportedInterfaceOrientations_iPad = "UIInterfaceOrientationLandscapeLeft UIInterfaceOrientationLandscapeRight UIInterfaceOrientationPortrait UIInterfaceOrientationPortraitUpsideDown";
				LD_RUNPATH_SEARCH_PATHS = (
					"$(inherited)",
					"@executable_path/Frameworks",
				);
				MARKETING_VERSION = 1.0;
				PRODUCT_BUNDLE_IDENTIFIER = com.hexateria.HexaPatrol;
				PRODUCT_NAME = "$(TARGET_NAME)";
				SWIFT_EMIT_LOC_STRINGS = YES;
				SWIFT_VERSION = 5.0;
				TARGETED_DEVICE_FAMILY = "1,2";
			};
			name = Release;
		};
/* End XCBuildConfiguration section */

/* Begin XCConfigurationList section */
		C360DDD12D2177BF00E9D6AA /* Build configuration list for PBXProject "HexaPatrol" */ = {
			isa = XCConfigurationList;
			buildConfigurations = (
				C360DDE22D2177C100E9D6AA /* Debug */,
				C360DDE32D2177C100E9D6AA /* Release */,
			);
			defaultConfigurationIsVisible = 0;
			defaultConfigurationName = Release;
		};
		C360DDE42D2177C100E9D6AA /* Build configuration list for PBXNativeTarget "HexaPatrol" */ = {
			isa = XCConfigurationList;
			buildConfigurations = (
				C360DDE52D2177C100E9D6AA /* Debug */,
				C360DDE62D2177C100E9D6AA /* Release */,
			);
			defaultConfigurationIsVisible = 0;
			defaultConfigurationName = Release;
		};
/* End XCConfigurationList section */
	};
	rootObject = C360DDCE2D2177BF00E9D6AA /* Project object */;
}
